
Microsoft Visual Studio Solution File, Format Version 12.00
# Visual Studio Version 17
VisualStudioVersion = 17.14.36518.9 d17.14
MinimumVisualStudioVersion = 10.0.40219.1
Project("{FAE04EC0-301F-11D3-BF4B-00C04F79EFBC}") = "new_tech", "new_tech\new_tech.csproj", "{D9DA529E-FB82-454A-B0D8-32E7726F2803}"
EndProject
Global
	GlobalSection(SolutionConfigurationPlatforms) = preSolution
		Debug|Any CPU = Debug|Any CPU
		Release|Any CPU = Release|Any CPU
	EndGlobalSection
	GlobalSection(ProjectConfigurationPlatforms) = postSolution
		{D9DA529E-FB82-454A-B0D8-32E7726F2803}.Debug|Any CPU.ActiveCfg = Debug|Any CPU
		{D9DA529E-FB82-454A-B0D8-32E7726F2803}.Debug|Any CPU.Build.0 = Debug|Any CPU
		{D9DA529E-FB82-454A-B0D8-32E7726F2803}.Release|Any CPU.ActiveCfg = Release|Any CPU
		{D9DA529E-FB82-454A-B0D8-32E7726F2803}.Release|Any CPU.Build.0 = Release|Any CPU
	EndGlobalSection
	GlobalSection(SolutionProperties) = preSolution
		HideSolutionNode = FALSE
	EndGlobalSection
	GlobalSection(ExtensibilityGlobals) = postSolution
		SolutionGuid = {75B848F8-B41A-426A-BA3D-2BC0C6CB31D1}
	EndGlobalSection
EndGlobal
